PODS:
  - Haptica (1.0.2)
  - Kanna (2.1.1)
  - Kingfisher (3.10.1)
  - Spring (1.0.3)
  - SwiftyJSON (3.1.4)
  - SwiftyUserDefaults (3.0.0)

DEPENDENCIES:
  - Haptica
  - Kanna (~> 2.1.0)
  - Kingfisher
  - Spring (from `https://github.com/MengTo/Spring.git`, branch `swift3`)
  - SwiftyJSON
  - SwiftyUserDefaults

EXTERNAL SOURCES:
  Spring:
    :branch: swift3
    :git: https://github.com/MengTo/Spring.git

CHECKOUT OPTIONS:
  Spring:
    :commit: 8201b5c93bd7ebdf4cd18160bcde1e6e88c2be64
    :git: https://github.com/MengTo/Spring.git

SPEC CHECKSUMS:
  Haptica: 3cb74ab472b23cf339e11e1de14359af50e071b8
  Kanna: 9b4b086c218703f2b94f5b21a466217dd2f9332e
  Kingfisher: 33a1b82140fcb14a9fc13f78dfde2a03ff8de8cb
  Spring: 3f02b5dc3308572ef177b3cad0fa7bbc4b0706f7
  SwiftyJSON: c2842d878f95482ffceec5709abc3d05680c0220
  SwiftyUserDefaults: 0f1d45fc3aafb9064dac661e367f8f83fe21a4b4

PODFILE CHECKSUM: bdbf51f2b9e325ac223d4e6a3cb27da602c90252

COCOAPODS: 1.2.1
