PODS:
  - Kanna (2.1.1)
  - Kingfisher (3.10.1)
  - ReachabilitySwift (3)
  - Spring (1.0.3)
  - SwiftyJSON (3.1.4)
  - SwiftyUserDefaults (3.0.0)

DEPENDENCIES:
  - Kanna (~> 2.1.0)
  - Kingfisher
  - ReachabilitySwift (~> 3)
  - Spring (from `https://github.com/MengTo/Spring.git`, branch `swift3`)
  - SwiftyJSON
  - SwiftyUserDefaults

EXTERNAL SOURCES:
  Spring:
    :branch: swift3
    :git: https://github.com/MengTo/Spring.git

CHECKOUT OPTIONS:
  Spring:
    :commit: 8201b5c93bd7ebdf4cd18160bcde1e6e88c2be64
    :git: https://github.com/MengTo/Spring.git

SPEC CHECKSUMS:
  Kanna: 9b4b086c218703f2b94f5b21a466217dd2f9332e
  Kingfisher: 33a1b82140fcb14a9fc13f78dfde2a03ff8de8cb
  ReachabilitySwift: f5b9bb30a0777fac8f09ce8b067e32faeb29bb64
  Spring: 3f02b5dc3308572ef177b3cad0fa7bbc4b0706f7
  SwiftyJSON: c2842d878f95482ffceec5709abc3d05680c0220
  SwiftyUserDefaults: 0f1d45fc3aafb9064dac661e367f8f83fe21a4b4

PODFILE CHECKSUM: 91b5f253f0e06a5d075f4dbe32f0e0674aa63d3f

COCOAPODS: 1.2.1
