// !$*UTF8*$!
{
	archiveVersion = 1;
	classes = {
	};
	objectVersion = 46;
	objects = {

/* Begin PBXBuildFile section */
		7119876A1EDEC50C00A3A406 /* AppDelegate.swift in Sources */ = {isa = PBXBuildFile; fileRef = 711987691EDEC50C00A3A406 /* AppDelegate.swift */; };
		7119876C1EDEC50C00A3A406 /* MainViewController.swift in Sources */ = {isa = PBXBuildFile; fileRef = 7119876B1EDEC50C00A3A406 /* MainViewController.swift */; };
		7119876F1EDEC50C00A3A406 /* Main.storyboard in Resources */ = {isa = PBXBuildFile; fileRef = 7119876D1EDEC50C00A3A406 /* Main.storyboard */; };
		711987711EDEC50C00A3A406 /* Assets.xcassets in Resources */ = {isa = PBXBuildFile; fileRef = 711987701EDEC50C00A3A406 /* Assets.xcassets */; };
		711987741EDEC50C00A3A406 /* LaunchScreen.storyboard in Resources */ = {isa = PBXBuildFile; fileRef = 711987721EDEC50C00A3A406 /* LaunchScreen.storyboard */; };
		712683951EDEF4830041EF28 /* Requests.swift in Sources */ = {isa = PBXBuildFile; fileRef = 712683941EDEF4830041EF28 /* Requests.swift */; };
		713C20EF1EE13A7300B03338 /* NotificationCenter.framework in Frameworks */ = {isa = PBXBuildFile; fileRef = 713C20EE1EE13A7300B03338 /* NotificationCenter.framework */; };
		713C20F21EE13A7300B03338 /* TodayViewController.swift in Sources */ = {isa = PBXBuildFile; fileRef = 713C20F11EE13A7300B03338 /* TodayViewController.swift */; };
		713C20F51EE13A7300B03338 /* MainInterface.storyboard in Resources */ = {isa = PBXBuildFile; fileRef = 713C20F31EE13A7300B03338 /* MainInterface.storyboard */; };
		713C20F91EE13A7300B03338 /* DNMOTD-Widget.appex in Embed App Extensions */ = {isa = PBXBuildFile; fileRef = 713C20ED1EE13A7300B03338 /* DNMOTD-Widget.appex */; settings = {ATTRIBUTES = (RemoveHeadersOnCopy, ); }; };
		7143D9561F0B9CB00096DE52 /* Utilities.swift in Sources */ = {isa = PBXBuildFile; fileRef = 71752BFC1EF42D3D00B68428 /* Utilities.swift */; };
		71527BD71EF3159D006F08DF /* UIPanGestureRecognizer-Extesion.swift in Sources */ = {isa = PBXBuildFile; fileRef = 71527BD61EF3159D006F08DF /* UIPanGestureRecognizer-Extesion.swift */; };
		71752BFD1EF42D3D00B68428 /* Utilities.swift in Sources */ = {isa = PBXBuildFile; fileRef = 71752BFC1EF42D3D00B68428 /* Utilities.swift */; };
		717F54671F03A22A001260A2 /* UnderContainerViewController.swift in Sources */ = {isa = PBXBuildFile; fileRef = 717F54661F03A22A001260A2 /* UnderContainerViewController.swift */; };
		71A5C3691EF1CB160012F966 /* LoadingEffect.swift in Sources */ = {isa = PBXBuildFile; fileRef = 71A5C3681EF1CB160012F966 /* LoadingEffect.swift */; };
		71BCD0821F0E80200043AE2A /* Widget-Intro.mov in Resources */ = {isa = PBXBuildFile; fileRef = 71BCD0811F0E80200043AE2A /* Widget-Intro.mov */; };
		71F699171F059CFB00154B52 /* SF-Pro-Display-Bold.otf in Resources */ = {isa = PBXBuildFile; fileRef = 71F699131F059CFB00154B52 /* SF-Pro-Display-Bold.otf */; };
		71F699181F059CFB00154B52 /* SF-Pro-Display-BoldItalic.otf in Resources */ = {isa = PBXBuildFile; fileRef = 71F699141F059CFB00154B52 /* SF-Pro-Display-BoldItalic.otf */; };
		71F699191F059CFB00154B52 /* SF-Pro-Display-Regular.otf in Resources */ = {isa = PBXBuildFile; fileRef = 71F699151F059CFB00154B52 /* SF-Pro-Display-Regular.otf */; };
		71F6991A1F059CFB00154B52 /* SF-Pro-Display-RegularItalic.otf in Resources */ = {isa = PBXBuildFile; fileRef = 71F699161F059CFB00154B52 /* SF-Pro-Display-RegularItalic.otf */; };
		71F699251F05CD0100154B52 /* OtherViewControllers.swift in Sources */ = {isa = PBXBuildFile; fileRef = 71F699241F05CD0100154B52 /* OtherViewControllers.swift */; };
		ACEB39940801158AA3E9F00C /* Pods_DNMOTD_Widget.framework in Frameworks */ = {isa = PBXBuildFile; fileRef = BC5CB6D216499B4B845C608F /* Pods_DNMOTD_Widget.framework */; };
		C18FFCF1B7DEC235AA3DBA5A /* Pods_DNMOTD.framework in Frameworks */ = {isa = PBXBuildFile; fileRef = 89F7FFD2D638D23080CE883B /* Pods_DNMOTD.framework */; };
/* End PBXBuildFile section */

/* Begin PBXContainerItemProxy section */
		713C20F71EE13A7300B03338 /* PBXContainerItemProxy */ = {
			isa = PBXContainerItemProxy;
			containerPortal = 7119875E1EDEC50C00A3A406 /* Project object */;
			proxyType = 1;
			remoteGlobalIDString = 713C20EC1EE13A7300B03338;
			remoteInfo = "DNMOTD-Widget";
		};
/* End PBXContainerItemProxy section */

/* Begin PBXCopyFilesBuildPhase section */
		713C20FD1EE13A7400B03338 /* Embed App Extensions */ = {
			isa = PBXCopyFilesBuildPhase;
			buildActionMask = 2147483647;
			dstPath = "";
			dstSubfolderSpec = 13;
			files = (
				713C20F91EE13A7300B03338 /* DNMOTD-Widget.appex in Embed App Extensions */,
			);
			name = "Embed App Extensions";
			runOnlyForDeploymentPostprocessing = 0;
		};
/* End PBXCopyFilesBuildPhase section */

/* Begin PBXFileReference section */
		47B7DB6FFEAA1B9B1571727E /* Pods-DNMOTD-Widget.release.xcconfig */ = {isa = PBXFileReference; includeInIndex = 1; lastKnownFileType = text.xcconfig; name = "Pods-DNMOTD-Widget.release.xcconfig"; path = "Pods/Target Support Files/Pods-DNMOTD-Widget/Pods-DNMOTD-Widget.release.xcconfig"; sourceTree = "<group>"; };
		711987661EDEC50C00A3A406 /* DNMOTD.app */ = {isa = PBXFileReference; explicitFileType = wrapper.application; includeInIndex = 0; path = DNMOTD.app; sourceTree = BUILT_PRODUCTS_DIR; };
		711987691EDEC50C00A3A406 /* AppDelegate.swift */ = {isa = PBXFileReference; lastKnownFileType = sourcecode.swift; path = AppDelegate.swift; sourceTree = "<group>"; };
		7119876B1EDEC50C00A3A406 /* MainViewController.swift */ = {isa = PBXFileReference; lastKnownFileType = sourcecode.swift; path = MainViewController.swift; sourceTree = "<group>"; };
		7119876E1EDEC50C00A3A406 /* Base */ = {isa = PBXFileReference; lastKnownFileType = file.storyboard; name = Base; path = Base.lproj/Main.storyboard; sourceTree = "<group>"; };
		711987701EDEC50C00A3A406 /* Assets.xcassets */ = {isa = PBXFileReference; lastKnownFileType = folder.assetcatalog; path = Assets.xcassets; sourceTree = "<group>"; };
		711987731EDEC50C00A3A406 /* Base */ = {isa = PBXFileReference; lastKnownFileType = file.storyboard; name = Base; path = Base.lproj/LaunchScreen.storyboard; sourceTree = "<group>"; };
		711987751EDEC50C00A3A406 /* Info.plist */ = {isa = PBXFileReference; lastKnownFileType = text.plist.xml; path = Info.plist; sourceTree = "<group>"; };
		712683941EDEF4830041EF28 /* Requests.swift */ = {isa = PBXFileReference; fileEncoding = 4; lastKnownFileType = sourcecode.swift; path = Requests.swift; sourceTree = "<group>"; };
		713C20ED1EE13A7300B03338 /* DNMOTD-Widget.appex */ = {isa = PBXFileReference; explicitFileType = "wrapper.app-extension"; includeInIndex = 0; path = "DNMOTD-Widget.appex"; sourceTree = BUILT_PRODUCTS_DIR; };
		713C20EE1EE13A7300B03338 /* NotificationCenter.framework */ = {isa = PBXFileReference; lastKnownFileType = wrapper.framework; name = NotificationCenter.framework; path = System/Library/Frameworks/NotificationCenter.framework; sourceTree = SDKROOT; };
		713C20F11EE13A7300B03338 /* TodayViewController.swift */ = {isa = PBXFileReference; lastKnownFileType = sourcecode.swift; path = TodayViewController.swift; sourceTree = "<group>"; };
		713C20F41EE13A7300B03338 /* Base */ = {isa = PBXFileReference; lastKnownFileType = file.storyboard; name = Base; path = Base.lproj/MainInterface.storyboard; sourceTree = "<group>"; };
		713C20F61EE13A7300B03338 /* Info.plist */ = {isa = PBXFileReference; lastKnownFileType = text.plist.xml; path = Info.plist; sourceTree = "<group>"; };
		71527BD61EF3159D006F08DF /* UIPanGestureRecognizer-Extesion.swift */ = {isa = PBXFileReference; fileEncoding = 4; lastKnownFileType = sourcecode.swift; path = "UIPanGestureRecognizer-Extesion.swift"; sourceTree = "<group>"; };
		71752BFC1EF42D3D00B68428 /* Utilities.swift */ = {isa = PBXFileReference; fileEncoding = 4; lastKnownFileType = sourcecode.swift; path = Utilities.swift; sourceTree = "<group>"; };
		717F54661F03A22A001260A2 /* UnderContainerViewController.swift */ = {isa = PBXFileReference; fileEncoding = 4; lastKnownFileType = sourcecode.swift; path = UnderContainerViewController.swift; sourceTree = "<group>"; };
		71A5C3681EF1CB160012F966 /* LoadingEffect.swift */ = {isa = PBXFileReference; fileEncoding = 4; lastKnownFileType = sourcecode.swift; path = LoadingEffect.swift; sourceTree = "<group>"; };
		71BCD0811F0E80200043AE2A /* Widget-Intro.mov */ = {isa = PBXFileReference; lastKnownFileType = video.quicktime; path = "Widget-Intro.mov"; sourceTree = "<group>"; };
		71F699131F059CFB00154B52 /* SF-Pro-Display-Bold.otf */ = {isa = PBXFileReference; lastKnownFileType = file; path = "SF-Pro-Display-Bold.otf"; sourceTree = "<group>"; };
		71F699141F059CFB00154B52 /* SF-Pro-Display-BoldItalic.otf */ = {isa = PBXFileReference; lastKnownFileType = file; path = "SF-Pro-Display-BoldItalic.otf"; sourceTree = "<group>"; };
		71F699151F059CFB00154B52 /* SF-Pro-Display-Regular.otf */ = {isa = PBXFileReference; lastKnownFileType = file; path = "SF-Pro-Display-Regular.otf"; sourceTree = "<group>"; };
		71F699161F059CFB00154B52 /* SF-Pro-Display-RegularItalic.otf */ = {isa = PBXFileReference; lastKnownFileType = file; path = "SF-Pro-Display-RegularItalic.otf"; sourceTree = "<group>"; };
		71F699241F05CD0100154B52 /* OtherViewControllers.swift */ = {isa = PBXFileReference; fileEncoding = 4; lastKnownFileType = sourcecode.swift; path = OtherViewControllers.swift; sourceTree = "<group>"; };
		7BCD2C310CF484FF8749C932 /* Pods-DNMOTD.release.xcconfig */ = {isa = PBXFileReference; includeInIndex = 1; lastKnownFileType = text.xcconfig; name = "Pods-DNMOTD.release.xcconfig"; path = "Pods/Target Support Files/Pods-DNMOTD/Pods-DNMOTD.release.xcconfig"; sourceTree = "<group>"; };
		89F7FFD2D638D23080CE883B /* Pods_DNMOTD.framework */ = {isa = PBXFileReference; explicitFileType = wrapper.framework; includeInIndex = 0; path = Pods_DNMOTD.framework; sourceTree = BUILT_PRODUCTS_DIR; };
		9F643E89F7D90A01523FCCDC /* Pods-DNMOTD.debug.xcconfig */ = {isa = PBXFileReference; includeInIndex = 1; lastKnownFileType = text.xcconfig; name = "Pods-DNMOTD.debug.xcconfig"; path = "Pods/Target Support Files/Pods-DNMOTD/Pods-DNMOTD.debug.xcconfig"; sourceTree = "<group>"; };
		BC5CB6D216499B4B845C608F /* Pods_DNMOTD_Widget.framework */ = {isa = PBXFileReference; explicitFileType = wrapper.framework; includeInIndex = 0; path = Pods_DNMOTD_Widget.framework; sourceTree = BUILT_PRODUCTS_DIR; };
		F8377827E7B5356170261C3B /* Pods-DNMOTD-Widget.debug.xcconfig */ = {isa = PBXFileReference; includeInIndex = 1; lastKnownFileType = text.xcconfig; name = "Pods-DNMOTD-Widget.debug.xcconfig"; path = "Pods/Target Support Files/Pods-DNMOTD-Widget/Pods-DNMOTD-Widget.debug.xcconfig"; sourceTree = "<group>"; };
/* End PBXFileReference section */

/* Begin PBXFrameworksBuildPhase section */
		711987631EDEC50C00A3A406 /* Frameworks */ = {
			isa = PBXFrameworksBuildPhase;
			buildActionMask = 2147483647;
			files = (
				C18FFCF1B7DEC235AA3DBA5A /* Pods_DNMOTD.framework in Frameworks */,
			);
			runOnlyForDeploymentPostprocessing = 0;
		};
		713C20EA1EE13A7300B03338 /* Frameworks */ = {
			isa = PBXFrameworksBuildPhase;
			buildActionMask = 2147483647;
			files = (
				713C20EF1EE13A7300B03338 /* NotificationCenter.framework in Frameworks */,
				ACEB39940801158AA3E9F00C /* Pods_DNMOTD_Widget.framework in Frameworks */,
			);
			runOnlyForDeploymentPostprocessing = 0;
		};
/* End PBXFrameworksBuildPhase section */

/* Begin PBXGroup section */
		0A7F3EC8525B331E4ECA835A /* Pods */ = {
			isa = PBXGroup;
			children = (
				9F643E89F7D90A01523FCCDC /* Pods-DNMOTD.debug.xcconfig */,
				7BCD2C310CF484FF8749C932 /* Pods-DNMOTD.release.xcconfig */,
				F8377827E7B5356170261C3B /* Pods-DNMOTD-Widget.debug.xcconfig */,
				47B7DB6FFEAA1B9B1571727E /* Pods-DNMOTD-Widget.release.xcconfig */,
			);
			name = Pods;
			sourceTree = "<group>";
		};
		2CCFCBFC8E362A292AB7AEB9 /* Frameworks */ = {
			isa = PBXGroup;
			children = (
				89F7FFD2D638D23080CE883B /* Pods_DNMOTD.framework */,
				713C20EE1EE13A7300B03338 /* NotificationCenter.framework */,
				BC5CB6D216499B4B845C608F /* Pods_DNMOTD_Widget.framework */,
			);
			name = Frameworks;
			sourceTree = "<group>";
		};
		7119875D1EDEC50C00A3A406 = {
			isa = PBXGroup;
			children = (
				711987681EDEC50C00A3A406 /* DNMOTD */,
				713C20F01EE13A7300B03338 /* DNMOTD-Widget */,
				711987671EDEC50C00A3A406 /* Products */,
				0A7F3EC8525B331E4ECA835A /* Pods */,
				2CCFCBFC8E362A292AB7AEB9 /* Frameworks */,
			);
			sourceTree = "<group>";
		};
		711987671EDEC50C00A3A406 /* Products */ = {
			isa = PBXGroup;
			children = (
				711987661EDEC50C00A3A406 /* DNMOTD.app */,
				713C20ED1EE13A7300B03338 /* DNMOTD-Widget.appex */,
			);
			name = Products;
			sourceTree = "<group>";
		};
		711987681EDEC50C00A3A406 /* DNMOTD */ = {
			isa = PBXGroup;
			children = (
				7119876D1EDEC50C00A3A406 /* Main.storyboard */,
				7119876B1EDEC50C00A3A406 /* MainViewController.swift */,
				717F54661F03A22A001260A2 /* UnderContainerViewController.swift */,
				712683941EDEF4830041EF28 /* Requests.swift */,
				71A5C3681EF1CB160012F966 /* LoadingEffect.swift */,
				71527BD61EF3159D006F08DF /* UIPanGestureRecognizer-Extesion.swift */,
				71752BFC1EF42D3D00B68428 /* Utilities.swift */,
				711987701EDEC50C00A3A406 /* Assets.xcassets */,
				71BCD0811F0E80200043AE2A /* Widget-Intro.mov */,
				71F699231F05C4F900154B52 /* SF */,
				711987721EDEC50C00A3A406 /* LaunchScreen.storyboard */,
				711987751EDEC50C00A3A406 /* Info.plist */,
				711987691EDEC50C00A3A406 /* AppDelegate.swift */,
				71F699241F05CD0100154B52 /* OtherViewControllers.swift */,
			);
			path = DNMOTD;
			sourceTree = "<group>";
		};
		713C20F01EE13A7300B03338 /* DNMOTD-Widget */ = {
			isa = PBXGroup;
			children = (
				713C20F11EE13A7300B03338 /* TodayViewController.swift */,
				713C20F31EE13A7300B03338 /* MainInterface.storyboard */,
				713C20F61EE13A7300B03338 /* Info.plist */,
			);
			path = "DNMOTD-Widget";
			sourceTree = "<group>";
		};
		71F699231F05C4F900154B52 /* SF */ = {
			isa = PBXGroup;
			children = (
				71F699131F059CFB00154B52 /* SF-Pro-Display-Bold.otf */,
				71F699141F059CFB00154B52 /* SF-Pro-Display-BoldItalic.otf */,
				71F699151F059CFB00154B52 /* SF-Pro-Display-Regular.otf */,
				71F699161F059CFB00154B52 /* SF-Pro-Display-RegularItalic.otf */,
			);
			name = SF;
			sourceTree = "<group>";
		};
/* End PBXGroup section */

/* Begin PBXNativeTarget section */
		711987651EDEC50C00A3A406 /* DNMOTD */ = {
			isa = PBXNativeTarget;
			buildConfigurationList = 711987781EDEC50C00A3A406 /* Build configuration list for PBXNativeTarget "DNMOTD" */;
			buildPhases = (
				3F830349E7D4BF976DB4A6C8 /* [CP] Check Pods Manifest.lock */,
				711987621EDEC50C00A3A406 /* Sources */,
				711987631EDEC50C00A3A406 /* Frameworks */,
				711987641EDEC50C00A3A406 /* Resources */,
				415B1E30DD6954471679D7DF /* [CP] Embed Pods Frameworks */,
				FE9E017FBD78812251EB805E /* [CP] Copy Pods Resources */,
				713C20FD1EE13A7400B03338 /* Embed App Extensions */,
			);
			buildRules = (
			);
			dependencies = (
				713C20F81EE13A7300B03338 /* PBXTargetDependency */,
			);
			name = DNMOTD;
			productName = DNMOTD;
			productReference = 711987661EDEC50C00A3A406 /* DNMOTD.app */;
			productType = "com.apple.product-type.application";
		};
		713C20EC1EE13A7300B03338 /* DNMOTD-Widget */ = {
			isa = PBXNativeTarget;
			buildConfigurationList = 713C20FC1EE13A7400B03338 /* Build configuration list for PBXNativeTarget "DNMOTD-Widget" */;
			buildPhases = (
				B2F7286DF782290CC763BFE7 /* [CP] Check Pods Manifest.lock */,
				713C20E91EE13A7300B03338 /* Sources */,
				713C20EA1EE13A7300B03338 /* Frameworks */,
				713C20EB1EE13A7300B03338 /* Resources */,
				1229A0C916B5CF08D4056E00 /* [CP] Copy Pods Resources */,
			);
			buildRules = (
			);
			dependencies = (
			);
			name = "DNMOTD-Widget";
			productName = "DNMOTD-Widget";
			productReference = 713C20ED1EE13A7300B03338 /* DNMOTD-Widget.appex */;
			productType = "com.apple.product-type.app-extension";
		};
/* End PBXNativeTarget section */

/* Begin PBXProject section */
		7119875E1EDEC50C00A3A406 /* Project object */ = {
			isa = PBXProject;
			attributes = {
				LastSwiftUpdateCheck = 0830;
				LastUpgradeCheck = 0830;
				ORGANIZATIONNAME = rayps;
				TargetAttributes = {
					711987651EDEC50C00A3A406 = {
						CreatedOnToolsVersion = 8.3.2;
						DevelopmentTeam = MGAF98TG33;
						ProvisioningStyle = Automatic;
					};
					713C20EC1EE13A7300B03338 = {
						CreatedOnToolsVersion = 8.3.2;
						DevelopmentTeam = MGAF98TG33;
						ProvisioningStyle = Automatic;
					};
				};
			};
			buildConfigurationList = 711987611EDEC50C00A3A406 /* Build configuration list for PBXProject "DNMOTD" */;
			compatibilityVersion = "Xcode 3.2";
			developmentRegion = English;
			hasScannedForEncodings = 0;
			knownRegions = (
				en,
				Base,
			);
			mainGroup = 7119875D1EDEC50C00A3A406;
			productRefGroup = 711987671EDEC50C00A3A406 /* Products */;
			projectDirPath = "";
			projectRoot = "";
			targets = (
				711987651EDEC50C00A3A406 /* DNMOTD */,
				713C20EC1EE13A7300B03338 /* DNMOTD-Widget */,
			);
		};
/* End PBXProject section */

/* Begin PBXResourcesBuildPhase section */
		711987641EDEC50C00A3A406 /* Resources */ = {
			isa = PBXResourcesBuildPhase;
			buildActionMask = 2147483647;
			files = (
				71F699181F059CFB00154B52 /* SF-Pro-Display-BoldItalic.otf in Resources */,
				711987741EDEC50C00A3A406 /* LaunchScreen.storyboard in Resources */,
				71F6991A1F059CFB00154B52 /* SF-Pro-Display-RegularItalic.otf in Resources */,
				711987711EDEC50C00A3A406 /* Assets.xcassets in Resources */,
				71F699171F059CFB00154B52 /* SF-Pro-Display-Bold.otf in Resources */,
				71BCD0821F0E80200043AE2A /* Widget-Intro.mov in Resources */,
				71F699191F059CFB00154B52 /* SF-Pro-Display-Regular.otf in Resources */,
				7119876F1EDEC50C00A3A406 /* Main.storyboard in Resources */,
			);
			runOnlyForDeploymentPostprocessing = 0;
		};
		713C20EB1EE13A7300B03338 /* Resources */ = {
			isa = PBXResourcesBuildPhase;
			buildActionMask = 2147483647;
			files = (
				713C20F51EE13A7300B03338 /* MainInterface.storyboard in Resources */,
			);
			runOnlyForDeploymentPostprocessing = 0;
		};
/* End PBXResourcesBuildPhase section */

/* Begin PBXShellScriptBuildPhase section */
		1229A0C916B5CF08D4056E00 /* [CP] Copy Pods Resources */ = {
			isa = PBXShellScriptBuildPhase;
			buildActionMask = 2147483647;
			files = (
			);
			inputPaths = (
			);
			name = "[CP] Copy Pods Resources";
			outputPaths = (
			);
			runOnlyForDeploymentPostprocessing = 0;
			shellPath = /bin/sh;
			shellScript = "\"${SRCROOT}/Pods/Target Support Files/Pods-DNMOTD-Widget/Pods-DNMOTD-Widget-resources.sh\"\n";
			showEnvVarsInLog = 0;
		};
		3F830349E7D4BF976DB4A6C8 /* [CP] Check Pods Manifest.lock */ = {
			isa = PBXShellScriptBuildPhase;
			buildActionMask = 2147483647;
			files = (
			);
			inputPaths = (
			);
			name = "[CP] Check Pods Manifest.lock";
			outputPaths = (
			);
			runOnlyForDeploymentPostprocessing = 0;
			shellPath = /bin/sh;
			shellScript = "diff \"${PODS_PODFILE_DIR_PATH}/Podfile.lock\" \"${PODS_ROOT}/Manifest.lock\" > /dev/null\nif [ $? != 0 ] ; then\n    # print error to STDERR\n    echo \"error: The sandbox is not in sync with the Podfile.lock. Run 'pod install' or update your CocoaPods installation.\" >&2\n    exit 1\nfi\n";
			showEnvVarsInLog = 0;
		};
		415B1E30DD6954471679D7DF /* [CP] Embed Pods Frameworks */ = {
			isa = PBXShellScriptBuildPhase;
			buildActionMask = 2147483647;
			files = (
			);
			inputPaths = (
			);
			name = "[CP] Embed Pods Frameworks";
			outputPaths = (
			);
			runOnlyForDeploymentPostprocessing = 0;
			shellPath = /bin/sh;
			shellScript = "\"${SRCROOT}/Pods/Target Support Files/Pods-DNMOTD/Pods-DNMOTD-frameworks.sh\"\n";
			showEnvVarsInLog = 0;
		};
		B2F7286DF782290CC763BFE7 /* [CP] Check Pods Manifest.lock */ = {
			isa = PBXShellScriptBuildPhase;
			buildActionMask = 2147483647;
			files = (
			);
			inputPaths = (
			);
			name = "[CP] Check Pods Manifest.lock";
			outputPaths = (
			);
			runOnlyForDeploymentPostprocessing = 0;
			shellPath = /bin/sh;
			shellScript = "diff \"${PODS_PODFILE_DIR_PATH}/Podfile.lock\" \"${PODS_ROOT}/Manifest.lock\" > /dev/null\nif [ $? != 0 ] ; then\n    # print error to STDERR\n    echo \"error: The sandbox is not in sync with the Podfile.lock. Run 'pod install' or update your CocoaPods installation.\" >&2\n    exit 1\nfi\n";
			showEnvVarsInLog = 0;
		};
		FE9E017FBD78812251EB805E /* [CP] Copy Pods Resources */ = {
			isa = PBXShellScriptBuildPhase;
			buildActionMask = 2147483647;
			files = (
			);
			inputPaths = (
			);
			name = "[CP] Copy Pods Resources";
			outputPaths = (
			);
			runOnlyForDeploymentPostprocessing = 0;
			shellPath = /bin/sh;
			shellScript = "\"${SRCROOT}/Pods/Target Support Files/Pods-DNMOTD/Pods-DNMOTD-resources.sh\"\n";
			showEnvVarsInLog = 0;
		};
/* End PBXShellScriptBuildPhase section */

/* Begin PBXSourcesBuildPhase section */
		711987621EDEC50C00A3A406 /* Sources */ = {
			isa = PBXSourcesBuildPhase;
			buildActionMask = 2147483647;
			files = (
				71752BFD1EF42D3D00B68428 /* Utilities.swift in Sources */,
				717F54671F03A22A001260A2 /* UnderContainerViewController.swift in Sources */,
				71F699251F05CD0100154B52 /* OtherViewControllers.swift in Sources */,
				71527BD71EF3159D006F08DF /* UIPanGestureRecognizer-Extesion.swift in Sources */,
				7119876C1EDEC50C00A3A406 /* MainViewController.swift in Sources */,
				71A5C3691EF1CB160012F966 /* LoadingEffect.swift in Sources */,
				712683951EDEF4830041EF28 /* Requests.swift in Sources */,
				7119876A1EDEC50C00A3A406 /* AppDelegate.swift in Sources */,
			);
			runOnlyForDeploymentPostprocessing = 0;
		};
		713C20E91EE13A7300B03338 /* Sources */ = {
			isa = PBXSourcesBuildPhase;
			buildActionMask = 2147483647;
			files = (
				7143D9561F0B9CB00096DE52 /* Utilities.swift in Sources */,
				713C20F21EE13A7300B03338 /* TodayViewController.swift in Sources */,
			);
			runOnlyForDeploymentPostprocessing = 0;
		};
/* End PBXSourcesBuildPhase section */

/* Begin PBXTargetDependency section */
		713C20F81EE13A7300B03338 /* PBXTargetDependency */ = {
			isa = PBXTargetDependency;
			target = 713C20EC1EE13A7300B03338 /* DNMOTD-Widget */;
			targetProxy = 713C20F71EE13A7300B03338 /* PBXContainerItemProxy */;
		};
/* End PBXTargetDependency section */

/* Begin PBXVariantGroup section */
		7119876D1EDEC50C00A3A406 /* Main.storyboard */ = {
			isa = PBXVariantGroup;
			children = (
				7119876E1EDEC50C00A3A406 /* Base */,
			);
			name = Main.storyboard;
			sourceTree = "<group>";
		};
		711987721EDEC50C00A3A406 /* LaunchScreen.storyboard */ = {
			isa = PBXVariantGroup;
			children = (
				711987731EDEC50C00A3A406 /* Base */,
			);
			name = LaunchScreen.storyboard;
			sourceTree = "<group>";
		};
		713C20F31EE13A7300B03338 /* MainInterface.storyboard */ = {
			isa = PBXVariantGroup;
			children = (
				713C20F41EE13A7300B03338 /* Base */,
			);
			name = MainInterface.storyboard;
			sourceTree = "<group>";
		};
/* End PBXVariantGroup section */

/* Begin XCBuildConfiguration section */
		711987761EDEC50C00A3A406 /* Debug */ = {
			isa = XCBuildConfiguration;
			buildSettings = {
				ALWAYS_SEARCH_USER_PATHS = NO;
				CLANG_ANALYZER_NONNULL = YES;
				CLANG_ANALYZER_NUMBER_OBJECT_CONVERSION = YES_AGGRESSIVE;
				CLANG_CXX_LANGUAGE_STANDARD = "gnu++0x";
				CLANG_CXX_LIBRARY = "libc++";
				CLANG_ENABLE_MODULES = YES;
				CLANG_ENABLE_OBJC_ARC = YES;
				CLANG_WARN_BOOL_CONVERSION = YES;
				CLANG_WARN_CONSTANT_CONVERSION = YES;
				CLANG_WARN_DIRECT_OBJC_ISA_USAGE = YES_ERROR;
				CLANG_WARN_DOCUMENTATION_COMMENTS = YES;
				CLANG_WARN_EMPTY_BODY = YES;
				CLANG_WARN_ENUM_CONVERSION = YES;
				CLANG_WARN_INFINITE_RECURSION = YES;
				CLANG_WARN_INT_CONVERSION = YES;
				CLANG_WARN_OBJC_ROOT_CLASS = YES_ERROR;
				CLANG_WARN_SUSPICIOUS_MOVE = YES;
				CLANG_WARN_UNREACHABLE_CODE = YES;
				CLANG_WARN__DUPLICATE_METHOD_MATCH = YES;
				"CODE_SIGN_IDENTITY[sdk=iphoneos*]" = "iPhone Developer";
				COPY_PHASE_STRIP = NO;
				DEBUG_INFORMATION_FORMAT = dwarf;
				ENABLE_STRICT_OBJC_MSGSEND = YES;
				ENABLE_TESTABILITY = YES;
				GCC_C_LANGUAGE_STANDARD = gnu99;
				GCC_DYNAMIC_NO_PIC = NO;
				GCC_NO_COMMON_BLOCKS = YES;
				GCC_OPTIMIZATION_LEVEL = 0;
				GCC_PREPROCESSOR_DEFINITIONS = (
					"DEBUG=1",
					"$(inherited)",
				);
				GCC_WARN_64_TO_32_BIT_CONVERSION = YES;
				GCC_WARN_ABOUT_RETURN_TYPE = YES_ERROR;
				GCC_WARN_UNDECLARED_SELECTOR = YES;
				GCC_WARN_UNINITIALIZED_AUTOS = YES_AGGRESSIVE;
				GCC_WARN_UNUSED_FUNCTION = YES;
				GCC_WARN_UNUSED_VARIABLE = YES;
				IPHONEOS_DEPLOYMENT_TARGET = 10.3;
				MTL_ENABLE_DEBUG_INFO = YES;
				ONLY_ACTIVE_ARCH = YES;
				SDKROOT = iphoneos;
				SWIFT_ACTIVE_COMPILATION_CONDITIONS = DEBUG;
				SWIFT_OPTIMIZATION_LEVEL = "-Onone";
				TARGETED_DEVICE_FAMILY = "1,2";
			};
			name = Debug;
		};
		711987771EDEC50C00A3A406 /* Release */ = {
			isa = XCBuildConfiguration;
			buildSettings = {
				ALWAYS_SEARCH_USER_PATHS = NO;
				CLANG_ANALYZER_NONNULL = YES;
				CLANG_ANALYZER_NUMBER_OBJECT_CONVERSION = YES_AGGRESSIVE;
				CLANG_CXX_LANGUAGE_STANDARD = "gnu++0x";
				CLANG_CXX_LIBRARY = "libc++";
				CLANG_ENABLE_MODULES = YES;
				CLANG_ENABLE_OBJC_ARC = YES;
				CLANG_WARN_BOOL_CONVERSION = YES;
				CLANG_WARN_CONSTANT_CONVERSION = YES;
				CLANG_WARN_DIRECT_OBJC_ISA_USAGE = YES_ERROR;
				CLANG_WARN_DOCUMENTATION_COMMENTS = YES;
				CLANG_WARN_EMPTY_BODY = YES;
				CLANG_WARN_ENUM_CONVERSION = YES;
				CLANG_WARN_INFINITE_RECURSION = YES;
				CLANG_WARN_INT_CONVERSION = YES;
				CLANG_WARN_OBJC_ROOT_CLASS = YES_ERROR;
				CLANG_WARN_SUSPICIOUS_MOVE = YES;
				CLANG_WARN_UNREACHABLE_CODE = YES;
				CLANG_WARN__DUPLICATE_METHOD_MATCH = YES;
				"CODE_SIGN_IDENTITY[sdk=iphoneos*]" = "iPhone Developer";
				COPY_PHASE_STRIP = NO;
				DEBUG_INFORMATION_FORMAT = "dwarf-with-dsym";
				ENABLE_NS_ASSERTIONS = NO;
				ENABLE_STRICT_OBJC_MSGSEND = YES;
				GCC_C_LANGUAGE_STANDARD = gnu99;
				GCC_NO_COMMON_BLOCKS = YES;
				GCC_WARN_64_TO_32_BIT_CONVERSION = YES;
				GCC_WARN_ABOUT_RETURN_TYPE = YES_ERROR;
				GCC_WARN_UNDECLARED_SELECTOR = YES;
				GCC_WARN_UNINITIALIZED_AUTOS = YES_AGGRESSIVE;
				GCC_WARN_UNUSED_FUNCTION = YES;
				GCC_WARN_UNUSED_VARIABLE = YES;
				IPHONEOS_DEPLOYMENT_TARGET = 10.3;
				MTL_ENABLE_DEBUG_INFO = NO;
				SDKROOT = iphoneos;
				SWIFT_OPTIMIZATION_LEVEL = "-Owholemodule";
				TARGETED_DEVICE_FAMILY = "1,2";
				VALIDATE_PRODUCT = YES;
			};
			name = Release;
		};
		711987791EDEC50C00A3A406 /* Debug */ = {
			isa = XCBuildConfiguration;
			baseConfigurationReference = 9F643E89F7D90A01523FCCDC /* Pods-DNMOTD.debug.xcconfig */;
			buildSettings = {
				ALWAYS_EMBED_SWIFT_STANDARD_LIBRARIES = "$(inherited)";
				ASSETCATALOG_COMPILER_APPICON_NAME = AppIcon;
				CODE_SIGN_IDENTITY = "iPhone Distribution: GuanRui Ye (MGAF98TG33)";
				"CODE_SIGN_IDENTITY[sdk=iphoneos*]" = "iPhone Developer";
				DEVELOPMENT_TEAM = MGAF98TG33;
				INFOPLIST_FILE = DNMOTD/Info.plist;
				LD_RUNPATH_SEARCH_PATHS = "$(inherited) @executable_path/Frameworks";
				PRODUCT_BUNDLE_IDENTIFIER = com.rayps.DNMOTD;
				PRODUCT_NAME = "$(TARGET_NAME)";
				PROVISIONING_PROFILE = "";
				PROVISIONING_PROFILE_SPECIFIER = "";
				SWIFT_VERSION = 3.0;
				TARGETED_DEVICE_FAMILY = 1;
			};
			name = Debug;
		};
		7119877A1EDEC50C00A3A406 /* Release */ = {
			isa = XCBuildConfiguration;
			baseConfigurationReference = 7BCD2C310CF484FF8749C932 /* Pods-DNMOTD.release.xcconfig */;
			buildSettings = {
				ALWAYS_EMBED_SWIFT_STANDARD_LIBRARIES = "$(inherited)";
				ASSETCATALOG_COMPILER_APPICON_NAME = AppIcon;
				CODE_SIGN_IDENTITY = "iPhone Distribution: GuanRui Ye (MGAF98TG33)";
				"CODE_SIGN_IDENTITY[sdk=iphoneos*]" = "iPhone Developer";
				DEVELOPMENT_TEAM = MGAF98TG33;
				INFOPLIST_FILE = DNMOTD/Info.plist;
				LD_RUNPATH_SEARCH_PATHS = "$(inherited) @executable_path/Frameworks";
				PRODUCT_BUNDLE_IDENTIFIER = com.rayps.DNMOTD;
				PRODUCT_NAME = "$(TARGET_NAME)";
				PROVISIONING_PROFILE = "";
				PROVISIONING_PROFILE_SPECIFIER = "";
				SWIFT_VERSION = 3.0;
				TARGETED_DEVICE_FAMILY = 1;
			};
			name = Release;
		};
		713C20FA1EE13A7400B03338 /* Debug */ = {
			isa = XCBuildConfiguration;
			baseConfigurationReference = F8377827E7B5356170261C3B /* Pods-DNMOTD-Widget.debug.xcconfig */;
			buildSettings = {
				CODE_SIGN_IDENTITY = "iPhone Developer";
				DEVELOPMENT_TEAM = MGAF98TG33;
				INFOPLIST_FILE = "DNMOTD-Widget/Info.plist";
				LD_RUNPATH_SEARCH_PATHS = "$(inherited) @executable_path/Frameworks @executable_path/../../Frameworks";
				PRODUCT_BUNDLE_IDENTIFIER = "com.rayps.DNMOTD.DNMOTD-Widget";
				PRODUCT_NAME = "$(TARGET_NAME)";
				SKIP_INSTALL = YES;
				SWIFT_VERSION = 3.0;
			};
			name = Debug;
		};
		713C20FB1EE13A7400B03338 /* Release */ = {
			isa = XCBuildConfiguration;
			baseConfigurationReference = 47B7DB6FFEAA1B9B1571727E /* Pods-DNMOTD-Widget.release.xcconfig */;
			buildSettings = {
				CODE_SIGN_IDENTITY = "iPhone Developer";
				DEVELOPMENT_TEAM = MGAF98TG33;
				INFOPLIST_FILE = "DNMOTD-Widget/Info.plist";
				LD_RUNPATH_SEARCH_PATHS = "$(inherited) @executable_path/Frameworks @executable_path/../../Frameworks";
				PRODUCT_BUNDLE_IDENTIFIER = "com.rayps.DNMOTD.DNMOTD-Widget";
				PRODUCT_NAME = "$(TARGET_NAME)";
				SKIP_INSTALL = YES;
				SWIFT_VERSION = 3.0;
			};
			name = Release;
		};
/* End XCBuildConfiguration section */

/* Begin XCConfigurationList section */
		711987611EDEC50C00A3A406 /* Build configuration list for PBXProject "DNMOTD" */ = {
			isa = XCConfigurationList;
			buildConfigurations = (
				711987761EDEC50C00A3A406 /* Debug */,
				711987771EDEC50C00A3A406 /* Release */,
			);
			defaultConfigurationIsVisible = 0;
			defaultConfigurationName = Release;
		};
		711987781EDEC50C00A3A406 /* Build configuration list for PBXNativeTarget "DNMOTD" */ = {
			isa = XCConfigurationList;
			buildConfigurations = (
				711987791EDEC50C00A3A406 /* Debug */,
				7119877A1EDEC50C00A3A406 /* Release */,
			);
			defaultConfigurationIsVisible = 0;
			defaultConfigurationName = Release;
		};
		713C20FC1EE13A7400B03338 /* Build configuration list for PBXNativeTarget "DNMOTD-Widget" */ = {
			isa = XCConfigurationList;
			buildConfigurations = (
				713C20FA1EE13A7400B03338 /* Debug */,
				713C20FB1EE13A7400B03338 /* Release */,
			);
			defaultConfigurationIsVisible = 0;
			defaultConfigurationName = Release;
		};
/* End XCConfigurationList section */
	};
	rootObject = 7119875E1EDEC50C00A3A406 /* Project object */;
}
